bitbucket.org/creachadair/shell v0.0.0-20180618202420-f7b089e3c07c h1:YYVtvZUXJCjCMeDnQZQxIy2E7tgaovBIGWHcGk4xLDs=
bitbucket.org/creachadair/shell v0.0.0-20180618202420-f7b089e3c07c/go.mod h1:ysdp8K5OqvK7lJI3ZNP0I7prXD4kWyDWxozmc04IFpE=
bitbucket.org/creachadair/shell v0.0.4 h1:pQaJRbIWVEQKoNI7rGMRlLk1vu6RaPR6I5huNBoDEVw=
bitbucket.org/creachadair/shell v0.0.4/go.mod h1:ysdp8K5OqvK7lJI3ZNP0I7prXD4kWyDWxozmc04IFpE=
bitbucket.org/creachadair/stringset v0.0.0-20180426154347-e974a3c1694d h1:FmGByO8gQuj7RTJrFgHRDUmwGxTWmspAdr1okN7PqiU=
bitbucket.org/creachadair/stringset v0.0.0-20180426154347-e974a3c1694d/go.mod h1:RieQmTKc3bD7Tg+9AnSl6lOoTpWD95zIxZFurx/cxM4=
bitbucket.org/creachadair/stringset v0.0.3 h1:VmH2SQ+vEqTSgPHpiVZcGF/21spNbmJ86sSgkb8XMFU=
bitbucket.org/creachadair/stringset v0.0.3/go.mod h1:RieQmTKc3bD7Tg+9AnSl6lOoTpWD95zIxZFurx/cxM4=
cloud.google.com/go v0.0.0-20180405132441-01301d1df806 h1:JTpoFWTceA0iBjfhpuPja5ZBwVdldV1lWqQY3/ovo7M=
cloud.google.com/go v0.0.0-20180405132441-01301d1df806/go.mod h1:aQUYkXzVsufM+DwF1aE+0xfcU+56JwCaLick0ClmMTw=
github.com/DataDog/zstd v0.0.0-20180321192404-aebefd9fcb99 h1:h4MiQG/EzHgRINnRtFkYrXlgidSWgw6yt2wwJUZy4+A=
github.com/DataDog/zstd v0.0.0-20180321192404-aebefd9fcb99/go.mod h1:1jcaCB/ufaK+sKp1NBhlGmpz41jOoPQ35bpF36t7BBo=
github.com/DataDog/zstd v1.3.5 h1:DtpNbljikUepEPD16hD4LvIcmhnhdLTiW/5pHgbmp14=
github.com/DataDog/zstd v1.3.5/go.mod h1:1jcaCB/ufaK+sKp1NBhlGmpz41jOoPQ35bpF36t7BBo=
github.com/apache/beam v0.0.0-20181105183121-f1a46474e4c1 h1:9D6/sca/IAdMlAhi1pc5s+/FiOlmhYiQl2B1Q1/mY9w=
github.com/apache/beam v0.0.0-20181105183121-f1a46474e4c1/go.mod h1:/8NX3Qi8vGstDLLaeaU7+lzVEu/ACaQhYjeefzQ0y1o=
github.com/beevik/etree v0.0.0-20180609112216-9d7e8feddccb h1:7UqUs7q4Iir6wMDedPXDB6uaPkuQv0oGrDoTydZyxG0=
github.com/beevik/etree v0.0.0-20180609112216-9d7e8feddccb/go.mod h1:r8Aw8JqVegEf0w2fDnATrX9VpkMcyFeM0FhwO62wh+A=
github.com/beevik/etree v1.1.0 h1:T0xke/WvNtMoCqgzPhkX2r4rjY3GDZFi+FjpRZY2Jbs=
github.com/beevik/etree v1.1.0/go.mod h1:r8Aw8JqVegEf0w2fDnATrX9VpkMcyFeM0FhwO62wh+A=
github.com/dsnet/compress v0.0.0-20171208185109-cc9eb1d7ad76 h1:eX+pdPPlD279OWgdx7f6KqIRSONuK7egk+jDx7OM3Ac=
github.com/dsnet/compress v0.0.0-20171208185109-cc9eb1d7ad76/go.mod h1:KjxHHirfLaw19iGT70HvVjHQsL1vq1SRQB4yOsAfy2s=
github.com/ghodss/yaml v1.0.1-0.20180820084758-c7ce16629ff4 h1:PaTU+9BARuIOAz1ixvps39DJjfq/SxOj3axzIlh7nFo=
github.com/ghodss/yaml v1.0.1-0.20180820084758-c7ce16629ff4/go.mod h1:4dBDuWmgqj2HViK6kFavaiC9ZROes6MMH2rRYeMEF04=
github.com/golang/protobuf v0.0.0-20180814141427-aa810b61a9c7 h1:mQiPaAAvxV1ZZ//PWssC7qi3F3uyxTkdl3cDgzFLBlY=
github.com/golang/protobuf v0.0.0-20180814141427-aa810b61a9c7/go.mod h1:6lQm79b+lXiMfvg/cZm0SGofjICqVBUtrP5yJMmIC1U=
github.com/golang/protobuf v1.2.0 h1:P3YflyNX/ehuJFLhxviNdFxQPkGK5cDcApsge1SqnvM=
github.com/golang/protobuf v1.2.0/go.mod h1:6lQm79b+lXiMfvg/cZm0SGofjICqVBUtrP5yJMmIC1U=
github.com/golang/snappy v0.0.0-20170215233205-553a64147049 h1:K9KHZbXKpGydfDN0aZrsoHpLJlZsBrGMFWbgLDGnPZk=
github.com/golang/snappy v0.0.0-20170215233205-553a64147049/go.mod h1:/XxbfmMg8lxefKM7IXC3fBNl/7bRcc72aCRzEWrmP2Q=
github.com/google/brotli v0.0.0-20180626090807-ee2a5e1540 h1:p7yBiLWuNlevGWjy6uvLhyGogmYywbO9M5TKbhZam/o=
github.com/google/brotli v0.0.0-20180626090807-ee2a5e1540/go.mod h1:XpGqLY1HgMKTQI5TU8iAKE/okaKqS9h1e6KRlRztlOU=
github.com/google/go-cmp v0.0.0-20180328201512-5411ab924f9f h1:e7go61E2Xh2l5KtL3Lh6Tjy0/T+eem0bQsDwETI7SMo=
github.com/google/go-cmp v0.0.0-20180328201512-5411ab924f9f/go.mod h1:oXzfMopK8JAjlY9xF4vHSVASa0yLyX7SntLO5aqRK0M=
github.com/google/go-cmp v0.2.0 h1:+dTQ8DZQJz0Mb/HjFlkptS1FeQ4cWSnN941F8aEG4SQ=
github.com/google/go-cmp v0.2.0/go.mod h1:oXzfMopK8JAjlY9xF4vHSVASa0yLyX7SntLO5aqRK0M=
github.com/google/go-github v0.0.0-20180509124334-8ea2e2657df8/go.mod h1:zLgOLi98H3fifZn+44m+umXrS52loVEgC2AApnigrVQ=
github.com/google/go-querystring v0.0.0-20170111101155-53e6ce116135/go.mod h1:odCYkC5MyYFN7vkCjXpyrEuKhc/BUO6wN/zVPAxq5ck=
github.com/google/orderedcode v0.0.0-20150706152543-05a79567b685 h1:aGnMdT4gPUkBazyvUVXKbe4kOIgZ4uXc88WdOVxiG1E=
github.com/google/orderedcode v0.0.0-20150706152543-05a79567b685/go.mod h1:iVyU4/qPKHY5h/wSd6rZZCDcLJNxiWO6dvsYES2Sb20=
github.com/google/subcommands v0.0.0-20180305171600-a3682377147e h1:7OHlrhMiU9KC4cXeWfmYFHLACBw7a6sJ5rWdAICpn1g=
github.com/google/subcommands v0.0.0-20180305171600-a3682377147e/go.mod h1:ZjhPrFU+Olkh9WazFPsl27BQ4UPiG37m3yTrtFlrHVk=
github.com/jmhodges/levigo v0.0.0-20161115193449-c42d9e0ca023 h1:y5P5G9cANJZt3MXlMrgELo5mNLZPXH8aGFFFG7IzPU0=
github.com/jmhodges/levigo v0.0.0-20161115193449-c42d9e0ca023/go.mod h1:Q6Qx+uH3RAqyK4rFQroq9RL7mdkABMcfhEI+nNuzMJQ=
github.com/mholt/archiver v3.1.1+incompatible h1:1dCVxuqs0dJseYEhi5pl7MYPH9zDa1wBi7mF09cbNkU=
github.com/mholt/archiver v3.1.1+incompatible/go.mod h1:Dh2dOXnSdiLxRiPoVfIr/fI1TwETms9B8CTWfeh7ROU=
github.com/minio/highwayhash v0.0.0-20180501080913-85fc8a2dacad h1:L+8skVz2lusCbtlalLXmJp+TK8XaGAsZ3utSC3k5Jc0=
github.com/minio/highwayhash v0.0.0-20180501080913-85fc8a2dacad/go.mod h1:NL8wme5P5MoscwAkXfGroz3VgpCdhBw3KYOu5mEsvpU=
github.com/nwaples/rardecode v1.0.0 h1:r7vGuS5akxOnR4JQSkko62RJ1ReCMXxQRPtxsiFMBOs=
github.com/nwaples/rardecode v1.0.0/go.mod h1:5DzqNKiOdpKKBH87u8VlvAnPZMXcGRhxWkRpHbbfGS0=
github.com/nwaples/rardecode v1.0.1-0.20181025094117-197ef08ef68c h1:u2KzixJYvuGIaQ5mO+tFxJtaDmyCvdwprLFHrSvxi4k=
github.com/nwaples/rardecode v1.0.1-0.20181025094117-197ef08ef68c/go.mod h1:5DzqNKiOdpKKBH87u8VlvAnPZMXcGRhxWkRpHbbfGS0=
github.com/pborman/uuid v0.0.0-20180122190007-c65b2f87fee3 h1:9J0mOv1rXIBlRjQCiAGyx9C3dZZh5uIa3HU0oTV8v1E=
github.com/pborman/uuid v0.0.0-20180122190007-c65b2f87fee3/go.mod h1:VyrYX9gd7irzKovcSS6BIIEwPRkP2Wm2m9ufcdFSJ34=
github.com/pierrec/lz4 v0.0.0-20181027085611-623b5a2f4d2a h1:AjoacEaTgu9mA3/ZNFtPfdIM9MP5WVngYdB2k/3xLJ4=
github.com/pierrec/lz4 v0.0.0-20181027085611-623b5a2f4d2a/go.mod h1:3/3N9NVKO0jef7pBehbT1qWhCMrIgbYNnFAZCqQ5LRc=
github.com/pierrec/lz4 v2.0.5+incompatible h1:2xWsjqPFWcplujydGg4WmhC/6fZqK42wMM8aXeqhl0I=
github.com/pierrec/lz4 v2.0.5+incompatible/go.mod h1:pdkljMzZIN41W+lC3N2tnIh5sFi+IEE17M5jbnwPHcY=
github.com/pkg/errors v0.0.0-20180311214515-816c9085562c h1:F5RoIh7F9wB47PvXvpP1+Ihq1TkyC8iRdvwfKkESEZQ=
github.com/pkg/errors v0.0.0-20180311214515-816c9085562c/go.mod h1:bwawxfHBFNV+L2hUp1rHADufV3IMtnDRdf1r5NINEl0=
github.com/pkg/profile v1.2.1/go.mod h1:hJw3o1OdXxsrSjjVksARp5W95eeEaEfptyVZyv6JUPA=
github.com/sergi/go-diff v0.0.0-20180205163309-da645544ed44 h1:UoZTeCJuGZpwXXqamtSHypwjqpyGdR9smB5iMleBDJ8=
github.com/sergi/go-diff v0.0.0-20180205163309-da645544ed44/go.mod h1:0CfEIISq7TuYL3j771MWULgwwjU+GofnZX9QAmXWZgo=
github.com/sourcegraph/go-langserver v0.0.0-20180529120946-e526744fd766 h1:B/CNziSCjMUGLRau7STbEvqZ5sg3njneIP4Ss6YLXWM=
github.com/sourcegraph/go-langserver v0.0.0-20180529120946-e526744fd766/go.mod h1:bBMjfpzEHd6ijPRoQ7f+knFfw+e8R+W158/MsqAy77c=
github.com/sourcegraph/jsonrpc2 v0.0.0-20180501180217-a3d86c792f0f h1:mHcjtPCPBj4hKeRIwIU/R+Tn6TEBvDZPQnhOquzzAgA=
github.com/sourcegraph/jsonrpc2 v0.0.0-20180501180217-a3d86c792f0f/go.mod h1:eESpbCslcLDs8j2D7IEdGVgul7xuk9odqDTaor30IUU=
github.com/syndtr/goleveldb v0.0.0-20180521045021-5d6fca44a948 h1:n8Rd8KkRs+zblDP/Wt1guL6IKr+IF9Vq9Mn+5KqvSpw=
github.com/syndtr/goleveldb v0.0.0-20180521045021-5d6fca44a948/go.mod h1:Z4AUp2Km+PwemOoO/VB5AOx9XSsIItzFjoJlOSiYmn0=
github.com/ulikunitz/xz v0.5.5 h1:pFrO0lVpTBXLpYw+pnLj6TbvHuyjXMfjGeCwSqCVwok=
github.com/ulikunitz/xz v0.5.5/go.mod h1:2bypXElzHzzJZwzH67Y6wb67pO62Rzfn7BSiF4ABRW8=
github.com/xi2/xz v0.0.0-20171230120015-48954b6210f8 h1:nIPpBwaJSVYIxUFsDv3M8ofmx9yWTog9BfvIu0q41lo=
github.com/xi2/xz v0.0.0-20171230120015-48954b6210f8/go.mod h1:HUYIGzjTL3rfEspMxjDjgmT5uz5wzYJKVo23qUhYTos=
go.opencensus.io v0.0.0-20180405210956-c40611a83b49 h1:D/lxRLFdKuCHBGoJKtI5ujWLQ7T5IMt9L1hjKtG6/vU=
go.opencensus.io v0.0.0-20180405210956-c40611a83b49/go.mod h1:UffZAU+4sDEINUGP/B7UfBBkq4fqLu9zXAX7ke6CHW0=
golang.org/x/net v0.0.0-20180509002218-f73e4c9ed3b7 h1:vwPhSHmZ2xckGbhyz9c/u82CIp9iyzUDJHNXrRP0Xx8=
golang.org/x/net v0.0.0-20180509002218-f73e4c9ed3b7/go.mod h1:mL1N/T3taQHkDXs73rZJwtUhF3w3ftmwwsq0BUmARs4=
golang.org/x/net v0.0.0-20190125091013-d26f9f9a57f3 h1:ulvT7fqt0yHWzpJwI57MezWnYDVpCAYBVuYst/L+fAY=
golang.org/x/net v0.0.0-20190125091013-d26f9f9a57f3/go.mod h1:mL1N/T3taQHkDXs73rZJwtUhF3w3ftmwwsq0BUmARs4=
golang.org/x/oauth2 v0.0.0-20180503012634-cdc340f7c179 h1:i7nIATcLJZqBHx/NOl8hfnkelUjmcyEhCN1/oISBrUc=
golang.org/x/oauth2 v0.0.0-20180503012634-cdc340f7c179/go.mod h1:N/0e6XlmueqKjAGxoOufVs8QHGRruUQn6yWY3a++T0U=
golang.org/x/sync v0.0.0-20180314180146-1d60e4601c6f h1:wMNYb4v58l5UBM7MYRLPG6ZhfOqbKu7X5eyFl8ZhKvA=
golang.org/x/sync v0.0.0-20180314180146-1d60e4601c6f/go.mod h1:RxMgew5VJxzue5/jJTE5uejpjVlOe/izrB70Jof72aM=
golang.org/x/sys v0.0.0-20180616030259-6c888cc515d3 h1:FCfAlbS73+IQQJktaKGHldMdL2bGDVpm+OrCEbVz1f4=
golang.org/x/sys v0.0.0-20180616030259-6c888cc515d3/go.mod h1:STP8DvDyc/dI5b8T5hshtkjS+E42TnysNCUPdjciGhY=
golang.org/x/text v0.0.0-20180410181320-7922cc490dd5 h1:JuX0hiV/F4xp4w8qqbN49Nsatovt4Kckp6J/5EbNi9Y=
golang.org/x/text v0.0.0-20180410181320-7922cc490dd5/go.mod h1:NqM8EUOU14njkJ3fqMW+pc6Ldnwhi/IjpwHt7yyuwOQ=
golang.org/x/tools v0.0.0-20180928164045-7b71b077e1f4 h1:PQ9BDd+hmQunKOVUn6g+VZlQusJoI1yCJlYOcCx0f3Y=
golang.org/x/tools v0.0.0-20180928164045-7b71b077e1f4/go.mod h1:n7NCudcB/nEzxVGmLbDWY5pfWTLqBcC2KZ6jyYvM4mQ=
google.golang.org/api v0.0.0-20180404000327-3097bf831ede h1:IpOSFMKDfs+avkALa1/nT42Cp6cEavc+cJUAg46ovmQ=
google.golang.org/api v0.0.0-20180404000327-3097bf831ede/go.mod h1:4mhQ8q/RsB7i+udVvVy5NUi08OU8ZlA0gRVgrF7VFY0=
google.golang.org/genproto v0.0.0-20180716172848-2731d4fa720b h1:mXqBiicV0B+k8wzFNkKeNBRL7LyRV5xG0s+S6ffLb/E=
google.golang.org/genproto v0.0.0-20180716172848-2731d4fa720b/go.mod h1:JiN7NxoALGmiZfu7CAH4rXhgtRTLTxftemlI0sWmxmc=
google.golang.org/grpc v0.0.0-20180510165436-d07538b1475e h1:X6P5OjvrKe7dZIhFpqU7P6JWZVwnSvT8bB0iRauPo3I=
google.golang.org/grpc v0.0.0-20180510165436-d07538b1475e/go.mod h1:yo6s7OP7yaDglbqo1J04qKzAhqBH6lvTonzMVmEdcZw=
gopkg.in/check.v1 v0.0.0-20161208181325-20d25e280405/go.mod h1:Co6ibVJAznAaIkqp8huTwlJQCZ016jof/cbN4VW5Yz0=
gopkg.in/yaml.v2 v2.2.1-0.20180326061214-4fc5987536ef h1:KngkwkexysX8F+cPblZfFFu3eAF/xsJJej9Jt93h3qI=
gopkg.in/yaml.v2 v2.2.1-0.20180326061214-4fc5987536ef/go.mod h1:hI93XBmqTisBFMUTm0b8Fm+jr3Dg1NNxqwp+5A1VGuI=
