# THIS IS AN AUTOGENERATED FILE. DO NOT EDIT THIS FILE DIRECTLY.
# yarn lockfile v1


"@types/node@^7.0.4":
  version "7.0.4"
  resolved "https://registry.yarnpkg.com/@types/node/-/node-7.0.4.tgz#9aabc135979ded383325749f508894c662948c8b"

typescript@^2.1.5:
  version "2.1.5"
  resolved "https://registry.yarnpkg.com/typescript/-/typescript-2.1.5.tgz#6fe9479e00e01855247cea216e7561bafcdbcd4a"
